
Microsoft Visual Studio Solution File, Format Version 12.00
# Visual Studio Version 17
VisualStudioVersion = 17.6.33829.357
MinimumVisualStudioVersion = 10.0.40219.1
Project("{FAE04EC0-301F-11D3-BF4B-00C04F79EFBC}") = "login", "login.csproj", "{7D28DCDC-1D9A-4E7B-B9D6-223ACCF03820}"
EndProject
Global
	GlobalSection(SolutionConfigurationPlatforms) = preSolution
		Debug|Any CPU = Debug|Any CPU
		Release|Any CPU = Release|Any CPU
	EndGlobalSection
	GlobalSection(ProjectConfigurationPlatforms) = postSolution
		{7D28DCDC-1D9A-4E7B-B9D6-223ACCF03820}.Debug|Any CPU.ActiveCfg = Debug|Any CPU
		{7D28DCDC-1D9A-4E7B-B9D6-223ACCF03820}.Debug|Any CPU.Build.0 = Debug|Any CPU
		{7D28DCDC-1D9A-4E7B-B9D6-223ACCF03820}.Release|Any CPU.ActiveCfg = Release|Any CPU
		{7D28DCDC-1D9A-4E7B-B9D6-223ACCF03820}.Release|Any CPU.Build.0 = Release|Any CPU
	EndGlobalSection
	GlobalSection(SolutionProperties) = preSolution
		HideSolutionNode = FALSE
	EndGlobalSection
	GlobalSection(ExtensibilityGlobals) = postSolution
		SolutionGuid = {1B46F805-464D-4945-ABC7-8F7B57606A6D}
	EndGlobalSection
EndGlobal
